
Microsoft Visual Studio Solution File, Format Version 12.00
# Visual Studio 15
VisualStudioVersion = 15.0.27428.2043
MinimumVisualStudioVersion = 10.0.40219.1
Project("{FAE04EC0-301F-11D3-BF4B-00C04F79EFBC}") = "GarthToland.ListSites", "GarthToland.ListSites\GarthToland.ListSites.csproj", "{55DE1B4A-DBA2-4F6E-8BA0-659D8D275A33}"
EndProject
Global
	GlobalSection(SolutionConfigurationPlatforms) = preSolution
		Debug|Any CPU = Debug|Any CPU
		Release|Any CPU = Release|Any CPU
	EndGlobalSection
	GlobalSection(ProjectConfigurationPlatforms) = postSolution
		{55DE1B4A-DBA2-4F6E-8BA0-659D8D275A33}.Debug|Any CPU.ActiveCfg = Debug|Any CPU
		{55DE1B4A-DBA2-4F6E-8BA0-659D8D275A33}.Debug|Any CPU.Build.0 = Debug|Any CPU
		{55DE1B4A-DBA2-4F6E-8BA0-659D8D275A33}.Release|Any CPU.ActiveCfg = Release|Any CPU
		{55DE1B4A-DBA2-4F6E-8BA0-659D8D275A33}.Release|Any CPU.Build.0 = Release|Any CPU
	EndGlobalSection
	GlobalSection(SolutionProperties) = preSolution
		HideSolutionNode = FALSE
	EndGlobalSection
	GlobalSection(ExtensibilityGlobals) = postSolution
		SolutionGuid = {2882BED6-CD98-41C9-8976-047E296216D1}
	EndGlobalSection
EndGlobal
